// !$*UTF8*$!
{
	archiveVersion = 1;
	classes = {
	};
	objectVersion = 56;
	objects = {

/* Begin PBXBuildFile section */
		FD668A582AE5BB8B004BEC05 /* AppDelegate.swift in Sources */ = {isa = PBXBuildFile; fileRef = FD668A572AE5BB8B004BEC05 /* AppDelegate.swift */; };
		FD668A5A2AE5BB8B004BEC05 /* SceneDelegate.swift in Sources */ = {isa = PBXBuildFile; fileRef = FD668A592AE5BB8B004BEC05 /* SceneDelegate.swift */; };
		FD668A5C2AE5BB8B004BEC05 /* ViewController.swift in Sources */ = {isa = PBXBuildFile; fileRef = FD668A5B2AE5BB8B004BEC05 /* ViewController.swift */; };
		FD668A5F2AE5BB8B004BEC05 /* Main.storyboard in Resources */ = {isa = PBXBuildFile; fileRef = FD668A5D2AE5BB8B004BEC05 /* Main.storyboard */; };
		FD668A612AE5BB8C004BEC05 /* Assets.xcassets in Resources */ = {isa = PBXBuildFile; fileRef = FD668A602AE5BB8C004BEC05 /* Assets.xcassets */; };
		FD668A642AE5BB8C004BEC05 /* LaunchScreen.storyboard in Resources */ = {isa = PBXBuildFile; fileRef = FD668A622AE5BB8C004BEC05 /* LaunchScreen.storyboard */; };
		FD668A6F2AE5BB8C004BEC05 /* ApplePieTests.swift in Sources */ = {isa = PBXBuildFile; fileRef = FD668A6E2AE5BB8C004BEC05 /* ApplePieTests.swift */; };
		FD668A792AE5BB8C004BEC05 /* ApplePieUITests.swift in Sources */ = {isa = PBXBuildFile; fileRef = FD668A782AE5BB8C004BEC05 /* ApplePieUITests.swift */; };
		FD668A7B2AE5BB8C004BEC05 /* ApplePieUITestsLaunchTests.swift in Sources */ = {isa = PBXBuildFile; fileRef = FD668A7A2AE5BB8C004BEC05 /* ApplePieUITestsLaunchTests.swift */; };
		FDD431AF2AE6753F00743522 /* Game.swift in Sources */ = {isa = PBXBuildFile; fileRef = FDD431AE2AE6753F00743522 /* Game.swift */; };
/* End PBXBuildFile section */

/* Begin PBXContainerItemProxy section */
		FD668A6B2AE5BB8C004BEC05 /* PBXContainerItemProxy */ = {
			isa = PBXContainerItemProxy;
			containerPortal = FD668A4C2AE5BB8B004BEC05 /* Project object */;
			proxyType = 1;
			remoteGlobalIDString = FD668A532AE5BB8B004BEC05;
			remoteInfo = ApplePie;
		};
		FD668A752AE5BB8C004BEC05 /* PBXContainerItemProxy */ = {
			isa = PBXContainerItemProxy;
			containerPortal = FD668A4C2AE5BB8B004BEC05 /* Project object */;
			proxyType = 1;
			remoteGlobalIDString = FD668A532AE5BB8B004BEC05;
			remoteInfo = ApplePie;
		};
/* End PBXContainerItemProxy section */

/* Begin PBXFileReference section */
		FD668A542AE5BB8B004BEC05 /* ApplePie.app */ = {isa = PBXFileReference; explicitFileType = wrapper.application; includeInIndex = 0; path = ApplePie.app; sourceTree = BUILT_PRODUCTS_DIR; };
		FD668A572AE5BB8B004BEC05 /* AppDelegate.swift */ = {isa = PBXFileReference; lastKnownFileType = sourcecode.swift; path = AppDelegate.swift; sourceTree = "<group>"; };
		FD668A592AE5BB8B004BEC05 /* SceneDelegate.swift */ = {isa = PBXFileReference; lastKnownFileType = sourcecode.swift; path = SceneDelegate.swift; sourceTree = "<group>"; };
		FD668A5B2AE5BB8B004BEC05 /* ViewController.swift */ = {isa = PBXFileReference; lastKnownFileType = sourcecode.swift; path = ViewController.swift; sourceTree = "<group>"; };
		FD668A5E2AE5BB8B004BEC05 /* Base */ = {isa = PBXFileReference; lastKnownFileType = file.storyboard; name = Base; path = Base.lproj/Main.storyboard; sourceTree = "<group>"; };
		FD668A602AE5BB8C004BEC05 /* Assets.xcassets */ = {isa = PBXFileReference; lastKnownFileType = folder.assetcatalog; path = Assets.xcassets; sourceTree = "<group>"; };
		FD668A632AE5BB8C004BEC05 /* Base */ = {isa = PBXFileReference; lastKnownFileType = file.storyboard; name = Base; path = Base.lproj/LaunchScreen.storyboard; sourceTree = "<group>"; };
		FD668A652AE5BB8C004BEC05 /* Info.plist */ = {isa = PBXFileReference; lastKnownFileType = text.plist.xml; path = Info.plist; sourceTree = "<group>"; };
		FD668A6A2AE5BB8C004BEC05 /* ApplePieTests.xctest */ = {isa = PBXFileReference; explicitFileType = wrapper.cfbundle; includeInIndex = 0; path = ApplePieTests.xctest; sourceTree = BUILT_PRODUCTS_DIR; };
		FD668A6E2AE5BB8C004BEC05 /* ApplePieTests.swift */ = {isa = PBXFileReference; lastKnownFileType = sourcecode.swift; path = ApplePieTests.swift; sourceTree = "<group>"; };
		FD668A742AE5BB8C004BEC05 /* ApplePieUITests.xctest */ = {isa = PBXFileReference; explicitFileType = wrapper.cfbundle; includeInIndex = 0; path = ApplePieUITests.xctest; sourceTree = BUILT_PRODUCTS_DIR; };
		FD668A782AE5BB8C004BEC05 /* ApplePieUITests.swift */ = {isa = PBXFileReference; lastKnownFileType = sourcecode.swift; path = ApplePieUITests.swift; sourceTree = "<group>"; };
		FD668A7A2AE5BB8C004BEC05 /* ApplePieUITestsLaunchTests.swift */ = {isa = PBXFileReference; lastKnownFileType = sourcecode.swift; path = ApplePieUITestsLaunchTests.swift; sourceTree = "<group>"; };
		FDD431AE2AE6753F00743522 /* Game.swift */ = {isa = PBXFileReference; lastKnownFileType = sourcecode.swift; path = Game.swift; sourceTree = "<group>"; };
/* End PBXFileReference section */

/* Begin PBXFrameworksBuildPhase section */
		FD668A512AE5BB8B004BEC05 /* Frameworks */ = {
			isa = PBXFrameworksBuildPhase;
			buildActionMask = 2147483647;
			files = (
			);
			runOnlyForDeploymentPostprocessing = 0;
		};
		FD668A672AE5BB8C004BEC05 /* Frameworks */ = {
			isa = PBXFrameworksBuildPhase;
			buildActionMask = 2147483647;
			files = (
			);
			runOnlyForDeploymentPostprocessing = 0;
		};
		FD668A712AE5BB8C004BEC05 /* Frameworks */ = {
			isa = PBXFrameworksBuildPhase;
			buildActionMask = 2147483647;
			files = (
			);
			runOnlyForDeploymentPostprocessing = 0;
		};
/* End PBXFrameworksBuildPhase section */

/* Begin PBXGroup section */
		FD668A4B2AE5BB8B004BEC05 = {
			isa = PBXGroup;
			children = (
				FD668A562AE5BB8B004BEC05 /* ApplePie */,
				FD668A6D2AE5BB8C004BEC05 /* ApplePieTests */,
				FD668A772AE5BB8C004BEC05 /* ApplePieUITests */,
				FD668A552AE5BB8B004BEC05 /* Products */,
			);
			sourceTree = "<group>";
		};
		FD668A552AE5BB8B004BEC05 /* Products */ = {
			isa = PBXGroup;
			children = (
				FD668A542AE5BB8B004BEC05 /* ApplePie.app */,
				FD668A6A2AE5BB8C004BEC05 /* ApplePieTests.xctest */,
				FD668A742AE5BB8C004BEC05 /* ApplePieUITests.xctest */,
			);
			name = Products;
			sourceTree = "<group>";
		};
		FD668A562AE5BB8B004BEC05 /* ApplePie */ = {
			isa = PBXGroup;
			children = (
				FD668A572AE5BB8B004BEC05 /* AppDelegate.swift */,
				FD668A592AE5BB8B004BEC05 /* SceneDelegate.swift */,
				FD668A5B2AE5BB8B004BEC05 /* ViewController.swift */,
				FDD431AE2AE6753F00743522 /* Game.swift */,
				FD668A5D2AE5BB8B004BEC05 /* Main.storyboard */,
				FD668A602AE5BB8C004BEC05 /* Assets.xcassets */,
				FD668A622AE5BB8C004BEC05 /* LaunchScreen.storyboard */,
				FD668A652AE5BB8C004BEC05 /* Info.plist */,
			);
			path = ApplePie;
			sourceTree = "<group>";
		};
		FD668A6D2AE5BB8C004BEC05 /* ApplePieTests */ = {
			isa = PBXGroup;
			children = (
				FD668A6E2AE5BB8C004BEC05 /* ApplePieTests.swift */,
			);
			path = ApplePieTests;
			sourceTree = "<group>";
		};
		FD668A772AE5BB8C004BEC05 /* ApplePieUITests */ = {
			isa = PBXGroup;
			children = (
				FD668A782AE5BB8C004BEC05 /* ApplePieUITests.swift */,
				FD668A7A2AE5BB8C004BEC05 /* ApplePieUITestsLaunchTests.swift */,
			);
			path = ApplePieUITests;
			sourceTree = "<group>";
		};
/* End PBXGroup section */

/* Begin PBXNativeTarget section */
		FD668A532AE5BB8B004BEC05 /* ApplePie */ = {
			isa = PBXNativeTarget;
			buildConfigurationList = FD668A7E2AE5BB8C004BEC05 /* Build configuration list for PBXNativeTarget "ApplePie" */;
			buildPhases = (
				FD668A502AE5BB8B004BEC05 /* Sources */,
				FD668A512AE5BB8B004BEC05 /* Frameworks */,
				FD668A522AE5BB8B004BEC05 /* Resources */,
			);
			buildRules = (
			);
			dependencies = (
			);
			name = ApplePie;
			productName = ApplePie;
			productReference = FD668A542AE5BB8B004BEC05 /* ApplePie.app */;
			productType = "com.apple.product-type.application";
		};
		FD668A692AE5BB8C004BEC05 /* ApplePieTests */ = {
			isa = PBXNativeTarget;
			buildConfigurationList = FD668A812AE5BB8C004BEC05 /* Build configuration list for PBXNativeTarget "ApplePieTests" */;
			buildPhases = (
				FD668A662AE5BB8C004BEC05 /* Sources */,
				FD668A672AE5BB8C004BEC05 /* Frameworks */,
				FD668A682AE5BB8C004BEC05 /* Resources */,
			);
			buildRules = (
			);
			dependencies = (
				FD668A6C2AE5BB8C004BEC05 /* PBXTargetDependency */,
			);
			name = ApplePieTests;
			productName = ApplePieTests;
			productReference = FD668A6A2AE5BB8C004BEC05 /* ApplePieTests.xctest */;
			productType = "com.apple.product-type.bundle.unit-test";
		};
		FD668A732AE5BB8C004BEC05 /* ApplePieUITests */ = {
			isa = PBXNativeTarget;
			buildConfigurationList = FD668A842AE5BB8C004BEC05 /* Build configuration list for PBXNativeTarget "ApplePieUITests" */;
			buildPhases = (
				FD668A702AE5BB8C004BEC05 /* Sources */,
				FD668A712AE5BB8C004BEC05 /* Frameworks */,
				FD668A722AE5BB8C004BEC05 /* Resources */,
			);
			buildRules = (
			);
			dependencies = (
				FD668A762AE5BB8C004BEC05 /* PBXTargetDependency */,
			);
			name = ApplePieUITests;
			productName = ApplePieUITests;
			productReference = FD668A742AE5BB8C004BEC05 /* ApplePieUITests.xctest */;
			productType = "com.apple.product-type.bundle.ui-testing";
		};
/* End PBXNativeTarget section */

/* Begin PBXProject section */
		FD668A4C2AE5BB8B004BEC05 /* Project object */ = {
			isa = PBXProject;
			attributes = {
				BuildIndependentTargetsInParallel = 1;
				LastSwiftUpdateCheck = 1420;
				LastUpgradeCheck = 1420;
				TargetAttributes = {
					FD668A532AE5BB8B004BEC05 = {
						CreatedOnToolsVersion = 14.2;
					};
					FD668A692AE5BB8C004BEC05 = {
						CreatedOnToolsVersion = 14.2;
						TestTargetID = FD668A532AE5BB8B004BEC05;
					};
					FD668A732AE5BB8C004BEC05 = {
						CreatedOnToolsVersion = 14.2;
						TestTargetID = FD668A532AE5BB8B004BEC05;
					};
				};
			};
			buildConfigurationList = FD668A4F2AE5BB8B004BEC05 /* Build configuration list for PBXProject "ApplePie" */;
			compatibilityVersion = "Xcode 14.0";
			developmentRegion = en;
			hasScannedForEncodings = 0;
			knownRegions = (
				en,
				Base,
			);
			mainGroup = FD668A4B2AE5BB8B004BEC05;
			productRefGroup = FD668A552AE5BB8B004BEC05 /* Products */;
			projectDirPath = "";
			projectRoot = "";
			targets = (
				FD668A532AE5BB8B004BEC05 /* ApplePie */,
				FD668A692AE5BB8C004BEC05 /* ApplePieTests */,
				FD668A732AE5BB8C004BEC05 /* ApplePieUITests */,
			);
		};
/* End PBXProject section */

/* Begin PBXResourcesBuildPhase section */
		FD668A522AE5BB8B004BEC05 /* Resources */ = {
			isa = PBXResourcesBuildPhase;
			buildActionMask = 2147483647;
			files = (
				FD668A642AE5BB8C004BEC05 /* LaunchScreen.storyboard in Resources */,
				FD668A612AE5BB8C004BEC05 /* Assets.xcassets in Resources */,
				FD668A5F2AE5BB8B004BEC05 /* Main.storyboard in Resources */,
			);
			runOnlyForDeploymentPostprocessing = 0;
		};
		FD668A682AE5BB8C004BEC05 /* Resources */ = {
			isa = PBXResourcesBuildPhase;
			buildActionMask = 2147483647;
			files = (
			);
			runOnlyForDeploymentPostprocessing = 0;
		};
		FD668A722AE5BB8C004BEC05 /* Resources */ = {
			isa = PBXResourcesBuildPhase;
			buildActionMask = 2147483647;
			files = (
			);
			runOnlyForDeploymentPostprocessing = 0;
		};
/* End PBXResourcesBuildPhase section */

/* Begin PBXSourcesBuildPhase section */
		FD668A502AE5BB8B004BEC05 /* Sources */ = {
			isa = PBXSourcesBuildPhase;
			buildActionMask = 2147483647;
			files = (
				FD668A5C2AE5BB8B004BEC05 /* ViewController.swift in Sources */,
				FD668A582AE5BB8B004BEC05 /* AppDelegate.swift in Sources */,
				FD668A5A2AE5BB8B004BEC05 /* SceneDelegate.swift in Sources */,
				FDD431AF2AE6753F00743522 /* Game.swift in Sources */,
			);
			runOnlyForDeploymentPostprocessing = 0;
		};
		FD668A662AE5BB8C004BEC05 /* Sources */ = {
			isa = PBXSourcesBuildPhase;
			buildActionMask = 2147483647;
			files = (
				FD668A6F2AE5BB8C004BEC05 /* ApplePieTests.swift in Sources */,
			);
			runOnlyForDeploymentPostprocessing = 0;
		};
		FD668A702AE5BB8C004BEC05 /* Sources */ = {
			isa = PBXSourcesBuildPhase;
			buildActionMask = 2147483647;
			files = (
				FD668A7B2AE5BB8C004BEC05 /* ApplePieUITestsLaunchTests.swift in Sources */,
				FD668A792AE5BB8C004BEC05 /* ApplePieUITests.swift in Sources */,
			);
			runOnlyForDeploymentPostprocessing = 0;
		};
/* End PBXSourcesBuildPhase section */

/* Begin PBXTargetDependency section */
		FD668A6C2AE5BB8C004BEC05 /* PBXTargetDependency */ = {
			isa = PBXTargetDependency;
			target = FD668A532AE5BB8B004BEC05 /* ApplePie */;
			targetProxy = FD668A6B2AE5BB8C004BEC05 /* PBXContainerItemProxy */;
		};
		FD668A762AE5BB8C004BEC05 /* PBXTargetDependency */ = {
			isa = PBXTargetDependency;
			target = FD668A532AE5BB8B004BEC05 /* ApplePie */;
			targetProxy = FD668A752AE5BB8C004BEC05 /* PBXContainerItemProxy */;
		};
/* End PBXTargetDependency section */

/* Begin PBXVariantGroup section */
		FD668A5D2AE5BB8B004BEC05 /* Main.storyboard */ = {
			isa = PBXVariantGroup;
			children = (
				FD668A5E2AE5BB8B004BEC05 /* Base */,
			);
			name = Main.storyboard;
			sourceTree = "<group>";
		};
		FD668A622AE5BB8C004BEC05 /* LaunchScreen.storyboard */ = {
			isa = PBXVariantGroup;
			children = (
				FD668A632AE5BB8C004BEC05 /* Base */,
			);
			name = LaunchScreen.storyboard;
			sourceTree = "<group>";
		};
/* End PBXVariantGroup section */

/* Begin XCBuildConfiguration section */
		FD668A7C2AE5BB8C004BEC05 /* Debug */ = {
			isa = XCBuildConfiguration;
			buildSettings = {
				ALWAYS_SEARCH_USER_PATHS = NO;
				CLANG_ANALYZER_NONNULL = YES;
				CLANG_ANALYZER_NUMBER_OBJECT_CONVERSION = YES_AGGRESSIVE;
				CLANG_CXX_LANGUAGE_STANDARD = "gnu++20";
				CLANG_ENABLE_MODULES = YES;
				CLANG_ENABLE_OBJC_ARC = YES;
				CLANG_ENABLE_OBJC_WEAK = YES;
				CLANG_WARN_BLOCK_CAPTURE_AUTORELEASING = YES;
				CLANG_WARN_BOOL_CONVERSION = YES;
				CLANG_WARN_COMMA = YES;
				CLANG_WARN_CONSTANT_CONVERSION = YES;
				CLANG_WARN_DEPRECATED_OBJC_IMPLEMENTATIONS = YES;
				CLANG_WARN_DIRECT_OBJC_ISA_USAGE = YES_ERROR;
				CLANG_WARN_DOCUMENTATION_COMMENTS = YES;
				CLANG_WARN_EMPTY_BODY = YES;
				CLANG_WARN_ENUM_CONVERSION = YES;
				CLANG_WARN_INFINITE_RECURSION = YES;
				CLANG_WARN_INT_CONVERSION = YES;
				CLANG_WARN_NON_LITERAL_NULL_CONVERSION = YES;
				CLANG_WARN_OBJC_IMPLICIT_RETAIN_SELF = YES;
				CLANG_WARN_OBJC_LITERAL_CONVERSION = YES;
				CLANG_WARN_OBJC_ROOT_CLASS = YES_ERROR;
				CLANG_WARN_QUOTED_INCLUDE_IN_FRAMEWORK_HEADER = YES;
				CLANG_WARN_RANGE_LOOP_ANALYSIS = YES;
				CLANG_WARN_STRICT_PROTOTYPES = YES;
				CLANG_WARN_SUSPICIOUS_MOVE = YES;
				CLANG_WARN_UNGUARDED_AVAILABILITY = YES_AGGRESSIVE;
				CLANG_WARN_UNREACHABLE_CODE = YES;
				CLANG_WARN__DUPLICATE_METHOD_MATCH = YES;
				COPY_PHASE_STRIP = NO;
				DEBUG_INFORMATION_FORMAT = dwarf;
				ENABLE_STRICT_OBJC_MSGSEND = YES;
				ENABLE_TESTABILITY = YES;
				GCC_C_LANGUAGE_STANDARD = gnu11;
				GCC_DYNAMIC_NO_PIC = NO;
				GCC_NO_COMMON_BLOCKS = YES;
				GCC_OPTIMIZATION_LEVEL = 0;
				GCC_PREPROCESSOR_DEFINITIONS = (
					"DEBUG=1",
					"$(inherited)",
				);
				GCC_WARN_64_TO_32_BIT_CONVERSION = YES;
				GCC_WARN_ABOUT_RETURN_TYPE = YES_ERROR;
				GCC_WARN_UNDECLARED_SELECTOR = YES;
				GCC_WARN_UNINITIALIZED_AUTOS = YES_AGGRESSIVE;
				GCC_WARN_UNUSED_FUNCTION = YES;
				GCC_WARN_UNUSED_VARIABLE = YES;
				IPHONEOS_DEPLOYMENT_TARGET = 16.2;
				MTL_ENABLE_DEBUG_INFO = INCLUDE_SOURCE;
				MTL_FAST_MATH = YES;
				ONLY_ACTIVE_ARCH = YES;
				SDKROOT = iphoneos;
				SWIFT_ACTIVE_COMPILATION_CONDITIONS = DEBUG;
				SWIFT_OPTIMIZATION_LEVEL = "-Onone";
			};
			name = Debug;
		};
		FD668A7D2AE5BB8C004BEC05 /* Release */ = {
			isa = XCBuildConfiguration;
			buildSettings = {
				ALWAYS_SEARCH_USER_PATHS = NO;
				CLANG_ANALYZER_NONNULL = YES;
				CLANG_ANALYZER_NUMBER_OBJECT_CONVERSION = YES_AGGRESSIVE;
				CLANG_CXX_LANGUAGE_STANDARD = "gnu++20";
				CLANG_ENABLE_MODULES = YES;
				CLANG_ENABLE_OBJC_ARC = YES;
				CLANG_ENABLE_OBJC_WEAK = YES;
				CLANG_WARN_BLOCK_CAPTURE_AUTORELEASING = YES;
				CLANG_WARN_BOOL_CONVERSION = YES;
				CLANG_WARN_COMMA = YES;
				CLANG_WARN_CONSTANT_CONVERSION = YES;
				CLANG_WARN_DEPRECATED_OBJC_IMPLEMENTATIONS = YES;
				CLANG_WARN_DIRECT_OBJC_ISA_USAGE = YES_ERROR;
				CLANG_WARN_DOCUMENTATION_COMMENTS = YES;
				CLANG_WARN_EMPTY_BODY = YES;
				CLANG_WARN_ENUM_CONVERSION = YES;
				CLANG_WARN_INFINITE_RECURSION = YES;
				CLANG_WARN_INT_CONVERSION = YES;
				CLANG_WARN_NON_LITERAL_NULL_CONVERSION = YES;
				CLANG_WARN_OBJC_IMPLICIT_RETAIN_SELF = YES;
				CLANG_WARN_OBJC_LITERAL_CONVERSION = YES;
				CLANG_WARN_OBJC_ROOT_CLASS = YES_ERROR;
				CLANG_WARN_QUOTED_INCLUDE_IN_FRAMEWORK_HEADER = YES;
				CLANG_WARN_RANGE_LOOP_ANALYSIS = YES;
				CLANG_WARN_STRICT_PROTOTYPES = YES;
				CLANG_WARN_SUSPICIOUS_MOVE = YES;
				CLANG_WARN_UNGUARDED_AVAILABILITY = YES_AGGRESSIVE;
				CLANG_WARN_UNREACHABLE_CODE = YES;
				CLANG_WARN__DUPLICATE_METHOD_MATCH = YES;
				COPY_PHASE_STRIP = NO;
				DEBUG_INFORMATION_FORMAT = "dwarf-with-dsym";
				ENABLE_NS_ASSERTIONS = NO;
				ENABLE_STRICT_OBJC_MSGSEND = YES;
				GCC_C_LANGUAGE_STANDARD = gnu11;
				GCC_NO_COMMON_BLOCKS = YES;
				GCC_WARN_64_TO_32_BIT_CONVERSION = YES;
				GCC_WARN_ABOUT_RETURN_TYPE = YES_ERROR;
				GCC_WARN_UNDECLARED_SELECTOR = YES;
				GCC_WARN_UNINITIALIZED_AUTOS = YES_AGGRESSIVE;
				GCC_WARN_UNUSED_FUNCTION = YES;
				GCC_WARN_UNUSED_VARIABLE = YES;
				IPHONEOS_DEPLOYMENT_TARGET = 16.2;
				MTL_ENABLE_DEBUG_INFO = NO;
				MTL_FAST_MATH = YES;
				SDKROOT = iphoneos;
				SWIFT_COMPILATION_MODE = wholemodule;
				SWIFT_OPTIMIZATION_LEVEL = "-O";
				VALIDATE_PRODUCT = YES;
			};
			name = Release;
		};
		FD668A7F2AE5BB8C004BEC05 /* Debug */ = {
			isa = XCBuildConfiguration;
			buildSettings = {
				ASSETCATALOG_COMPILER_APPICON_NAME = AppIcon;
				ASSETCATALOG_COMPILER_GLOBAL_ACCENT_COLOR_NAME = AccentColor;
				CODE_SIGN_STYLE = Automatic;
				CURRENT_PROJECT_VERSION = 1;
				DEVELOPMENT_TEAM = 4PHSLA8XUS;
				GENERATE_INFOPLIST_FILE = YES;
				INFOPLIST_FILE = ApplePie/Info.plist;
				INFOPLIST_KEY_UIApplicationSupportsIndirectInputEvents = YES;
				INFOPLIST_KEY_UILaunchStoryboardName = LaunchScreen;
				INFOPLIST_KEY_UIMainStoryboardFile = Main;
				INFOPLIST_KEY_UISupportedInterfaceOrientations_iPad = "UIInterfaceOrientationPortrait UIInterfaceOrientationPortraitUpsideDown UIInterfaceOrientationLandscapeLeft UIInterfaceOrientationLandscapeRight";
				INFOPLIST_KEY_UISupportedInterfaceOrientations_iPhone = "UIInterfaceOrientationPortrait UIInterfaceOrientationLandscapeLeft UIInterfaceOrientationLandscapeRight";
				IPHONEOS_DEPLOYMENT_TARGET = 15.0;
				LD_RUNPATH_SEARCH_PATHS = (
					"$(inherited)",
					"@executable_path/Frameworks",
				);
				MARKETING_VERSION = 1.0;
				PRODUCT_BUNDLE_IDENTIFIER = BaranovStepan.ApplePie;
				PRODUCT_NAME = "$(TARGET_NAME)";
				SUPPORTED_PLATFORMS = "iphoneos iphonesimulator";
				SUPPORTS_MACCATALYST = NO;
				SUPPORTS_MAC_DESIGNED_FOR_IPHONE_IPAD = NO;
				SWIFT_EMIT_LOC_STRINGS = YES;
				SWIFT_VERSION = 5.0;
				TARGETED_DEVICE_FAMILY = 2;
			};
			name = Debug;
		};
		FD668A802AE5BB8C004BEC05 /* Release */ = {
			isa = XCBuildConfiguration;
			buildSettings = {
				ASSETCATALOG_COMPILER_APPICON_NAME = AppIcon;
				ASSETCATALOG_COMPILER_GLOBAL_ACCENT_COLOR_NAME = AccentColor;
				CODE_SIGN_STYLE = Automatic;
				CURRENT_PROJECT_VERSION = 1;
				DEVELOPMENT_TEAM = 4PHSLA8XUS;
				GENERATE_INFOPLIST_FILE = YES;
				INFOPLIST_FILE = ApplePie/Info.plist;
				INFOPLIST_KEY_UIApplicationSupportsIndirectInputEvents = YES;
				INFOPLIST_KEY_UILaunchStoryboardName = LaunchScreen;
				INFOPLIST_KEY_UIMainStoryboardFile = Main;
				INFOPLIST_KEY_UISupportedInterfaceOrientations_iPad = "UIInterfaceOrientationPortrait UIInterfaceOrientationPortraitUpsideDown UIInterfaceOrientationLandscapeLeft UIInterfaceOrientationLandscapeRight";
				INFOPLIST_KEY_UISupportedInterfaceOrientations_iPhone = "UIInterfaceOrientationPortrait UIInterfaceOrientationLandscapeLeft UIInterfaceOrientationLandscapeRight";
				IPHONEOS_DEPLOYMENT_TARGET = 15.0;
				LD_RUNPATH_SEARCH_PATHS = (
					"$(inherited)",
					"@executable_path/Frameworks",
				);
				MARKETING_VERSION = 1.0;
				PRODUCT_BUNDLE_IDENTIFIER = BaranovStepan.ApplePie;
				PRODUCT_NAME = "$(TARGET_NAME)";
				SUPPORTED_PLATFORMS = "iphoneos iphonesimulator";
				SUPPORTS_MACCATALYST = NO;
				SUPPORTS_MAC_DESIGNED_FOR_IPHONE_IPAD = NO;
				SWIFT_EMIT_LOC_STRINGS = YES;
				SWIFT_VERSION = 5.0;
				TARGETED_DEVICE_FAMILY = 2;
			};
			name = Release;
		};
		FD668A822AE5BB8C004BEC05 /* Debug */ = {
			isa = XCBuildConfiguration;
			buildSettings = {
				ALWAYS_EMBED_SWIFT_STANDARD_LIBRARIES = YES;
				BUNDLE_LOADER = "$(TEST_HOST)";
				CODE_SIGN_STYLE = Automatic;
				CURRENT_PROJECT_VERSION = 1;
				DEVELOPMENT_TEAM = 4PHSLA8XUS;
				GENERATE_INFOPLIST_FILE = YES;
				IPHONEOS_DEPLOYMENT_TARGET = 16.2;
				MARKETING_VERSION = 1.0;
				PRODUCT_BUNDLE_IDENTIFIER = BaranovStepan.ApplePieTests;
				PRODUCT_NAME = "$(TARGET_NAME)";
				SWIFT_EMIT_LOC_STRINGS = NO;
				SWIFT_VERSION = 5.0;
				TARGETED_DEVICE_FAMILY = "1,2";
				TEST_HOST = "$(BUILT_PRODUCTS_DIR)/ApplePie.app/$(BUNDLE_EXECUTABLE_FOLDER_PATH)/ApplePie";
			};
			name = Debug;
		};
		FD668A832AE5BB8C004BEC05 /* Release */ = {
			isa = XCBuildConfiguration;
			buildSettings = {
				ALWAYS_EMBED_SWIFT_STANDARD_LIBRARIES = YES;
				BUNDLE_LOADER = "$(TEST_HOST)";
				CODE_SIGN_STYLE = Automatic;
				CURRENT_PROJECT_VERSION = 1;
				DEVELOPMENT_TEAM = 4PHSLA8XUS;
				GENERATE_INFOPLIST_FILE = YES;
				IPHONEOS_DEPLOYMENT_TARGET = 16.2;
				MARKETING_VERSION = 1.0;
				PRODUCT_BUNDLE_IDENTIFIER = BaranovStepan.ApplePieTests;
				PRODUCT_NAME = "$(TARGET_NAME)";
				SWIFT_EMIT_LOC_STRINGS = NO;
				SWIFT_VERSION = 5.0;
				TARGETED_DEVICE_FAMILY = "1,2";
				TEST_HOST = "$(BUILT_PRODUCTS_DIR)/ApplePie.app/$(BUNDLE_EXECUTABLE_FOLDER_PATH)/ApplePie";
			};
			name = Release;
		};
		FD668A852AE5BB8C004BEC05 /* Debug */ = {
			isa = XCBuildConfiguration;
			buildSettings = {
				ALWAYS_EMBED_SWIFT_STANDARD_LIBRARIES = YES;
				CODE_SIGN_STYLE = Automatic;
				CURRENT_PROJECT_VERSION = 1;
				DEVELOPMENT_TEAM = 4PHSLA8XUS;
				GENERATE_INFOPLIST_FILE = YES;
				MARKETING_VERSION = 1.0;
				PRODUCT_BUNDLE_IDENTIFIER = BaranovStepan.ApplePieUITests;
				PRODUCT_NAME = "$(TARGET_NAME)";
				SWIFT_EMIT_LOC_STRINGS = NO;
				SWIFT_VERSION = 5.0;
				TARGETED_DEVICE_FAMILY = "1,2";
				TEST_TARGET_NAME = ApplePie;
			};
			name = Debug;
		};
		FD668A862AE5BB8C004BEC05 /* Release */ = {
			isa = XCBuildConfiguration;
			buildSettings = {
				ALWAYS_EMBED_SWIFT_STANDARD_LIBRARIES = YES;
				CODE_SIGN_STYLE = Automatic;
				CURRENT_PROJECT_VERSION = 1;
				DEVELOPMENT_TEAM = 4PHSLA8XUS;
				GENERATE_INFOPLIST_FILE = YES;
				MARKETING_VERSION = 1.0;
				PRODUCT_BUNDLE_IDENTIFIER = BaranovStepan.ApplePieUITests;
				PRODUCT_NAME = "$(TARGET_NAME)";
				SWIFT_EMIT_LOC_STRINGS = NO;
				SWIFT_VERSION = 5.0;
				TARGETED_DEVICE_FAMILY = "1,2";
				TEST_TARGET_NAME = ApplePie;
			};
			name = Release;
		};
/* End XCBuildConfiguration section */

/* Begin XCConfigurationList section */
		FD668A4F2AE5BB8B004BEC05 /* Build configuration list for PBXProject "ApplePie" */ = {
			isa = XCConfigurationList;
			buildConfigurations = (
				FD668A7C2AE5BB8C004BEC05 /* Debug */,
				FD668A7D2AE5BB8C004BEC05 /* Release */,
			);
			defaultConfigurationIsVisible = 0;
			defaultConfigurationName = Release;
		};
		FD668A7E2AE5BB8C004BEC05 /* Build configuration list for PBXNativeTarget "ApplePie" */ = {
			isa = XCConfigurationList;
			buildConfigurations = (
				FD668A7F2AE5BB8C004BEC05 /* Debug */,
				FD668A802AE5BB8C004BEC05 /* Release */,
			);
			defaultConfigurationIsVisible = 0;
			defaultConfigurationName = Release;
		};
		FD668A812AE5BB8C004BEC05 /* Build configuration list for PBXNativeTarget "ApplePieTests" */ = {
			isa = XCConfigurationList;
			buildConfigurations = (
				FD668A822AE5BB8C004BEC05 /* Debug */,
				FD668A832AE5BB8C004BEC05 /* Release */,
			);
			defaultConfigurationIsVisible = 0;
			defaultConfigurationName = Release;
		};
		FD668A842AE5BB8C004BEC05 /* Build configuration list for PBXNativeTarget "ApplePieUITests" */ = {
			isa = XCConfigurationList;
			buildConfigurations = (
				FD668A852AE5BB8C004BEC05 /* Debug */,
				FD668A862AE5BB8C004BEC05 /* Release */,
			);
			defaultConfigurationIsVisible = 0;
			defaultConfigurationName = Release;
		};
/* End XCConfigurationList section */
	};
	rootObject = FD668A4C2AE5BB8B004BEC05 /* Project object */;
}
